
Microsoft Visual Studio Solution File, Format Version 12.00
# Visual Studio Version 17
VisualStudioVersion = 17.7.34018.315
MinimumVisualStudioVersion = 10.0.40219.1
Project("{FAE04EC0-301F-11D3-BF4B-00C04F79EFBC}") = "Lms", "Lms\Lms.csproj", "{380674AD-467C-4EE9-B65C-BAD90263FCD0}"
EndProject
Global
	GlobalSection(SolutionConfigurationPlatforms) = preSolution
		Debug|Any CPU = Debug|Any CPU
		Release|Any CPU = Release|Any CPU
	EndGlobalSection
	GlobalSection(ProjectConfigurationPlatforms) = postSolution
		{380674AD-467C-4EE9-B65C-BAD90263FCD0}.Debug|Any CPU.ActiveCfg = Debug|Any CPU
		{380674AD-467C-4EE9-B65C-BAD90263FCD0}.Debug|Any CPU.Build.0 = Debug|Any CPU
		{380674AD-467C-4EE9-B65C-BAD90263FCD0}.Release|Any CPU.ActiveCfg = Release|Any CPU
		{380674AD-467C-4EE9-B65C-BAD90263FCD0}.Release|Any CPU.Build.0 = Release|Any CPU
	EndGlobalSection
	GlobalSection(SolutionProperties) = preSolution
		HideSolutionNode = FALSE
	EndGlobalSection
	GlobalSection(ExtensibilityGlobals) = postSolution
		SolutionGuid = {2A083D42-9C35-4B1A-A165-AE1E75C42BA4}
	EndGlobalSection
EndGlobal
